
Microsoft Visual Studio Solution File, Format Version 12.00
Project("{2150E333-8FDC-42A3-9474-1A3956D46DE8}") = "Services", "Services", "{1B3F2EF2-C6BA-4BC9-B458-06DA42851337}"
EndProject
Project("{2150E333-8FDC-42A3-9474-1A3956D46DE8}") = "AIAnalysis", "AIAnalysis", "{61129B6C-5206-4E4F-A86D-79CFD74977D4}"
EndProject
Project("{FAE04EC0-301F-11D3-BF4B-00C04F79EFBC}") = "AIAnalysis.Domain", "AIAnalysis.Domain\AIAnalysis.Domain.csproj", "{F1073F3D-F4E4-4966-8B6B-B116283CB37F}"
EndProject
Project("{FAE04EC0-301F-11D3-BF4B-00C04F79EFBC}") = "AIAnalysis.Application", "AIAnalysis.Application\AIAnalysis.Application.csproj", "{420315B7-7709-4CF6-9389-48D498153F43}"
EndProject
Project("{FAE04EC0-301F-11D3-BF4B-00C04F79EFBC}") = "AIAnalysis.Infrastructure", "AIAnalysis.Infrastructure\AIAnalysis.Infrastructure.csproj", "{0C42F273-637C-4845-B15C-9134E9C8C7F0}"
EndProject
Project("{FAE04EC0-301F-11D3-BF4B-00C04F79EFBC}") = "AIAnalysis.API", "AIAnalysis.API\AIAnalysis.API.csproj", "{84FA3322-D6E3-42FE-9121-AE761BFEA325}"
EndProject
Global
	GlobalSection(SolutionConfigurationPlatforms) = preSolution
		Debug|Any CPU = Debug|Any CPU
		Release|Any CPU = Release|Any CPU
	EndGlobalSection
	GlobalSection(NestedProjects) = preSolution
		{61129B6C-5206-4E4F-A86D-79CFD74977D4} = {1B3F2EF2-C6BA-4BC9-B458-06DA42851337}
		{F1073F3D-F4E4-4966-8B6B-B116283CB37F} = {61129B6C-5206-4E4F-A86D-79CFD74977D4}
		{420315B7-7709-4CF6-9389-48D498153F43} = {61129B6C-5206-4E4F-A86D-79CFD74977D4}
		{0C42F273-637C-4845-B15C-9134E9C8C7F0} = {61129B6C-5206-4E4F-A86D-79CFD74977D4}
		{84FA3322-D6E3-42FE-9121-AE761BFEA325} = {61129B6C-5206-4E4F-A86D-79CFD74977D4}
	EndGlobalSection
	GlobalSection(ProjectConfigurationPlatforms) = postSolution
		{F1073F3D-F4E4-4966-8B6B-B116283CB37F}.Debug|Any CPU.ActiveCfg = Debug|Any CPU
		{F1073F3D-F4E4-4966-8B6B-B116283CB37F}.Debug|Any CPU.Build.0 = Debug|Any CPU
		{F1073F3D-F4E4-4966-8B6B-B116283CB37F}.Release|Any CPU.ActiveCfg = Release|Any CPU
		{F1073F3D-F4E4-4966-8B6B-B116283CB37F}.Release|Any CPU.Build.0 = Release|Any CPU
		{420315B7-7709-4CF6-9389-48D498153F43}.Debug|Any CPU.ActiveCfg = Debug|Any CPU
		{420315B7-7709-4CF6-9389-48D498153F43}.Debug|Any CPU.Build.0 = Debug|Any CPU
		{420315B7-7709-4CF6-9389-48D498153F43}.Release|Any CPU.ActiveCfg = Release|Any CPU
		{420315B7-7709-4CF6-9389-48D498153F43}.Release|Any CPU.Build.0 = Release|Any CPU
		{0C42F273-637C-4845-B15C-9134E9C8C7F0}.Debug|Any CPU.ActiveCfg = Debug|Any CPU
		{0C42F273-637C-4845-B15C-9134E9C8C7F0}.Debug|Any CPU.Build.0 = Debug|Any CPU
		{0C42F273-637C-4845-B15C-9134E9C8C7F0}.Release|Any CPU.ActiveCfg = Release|Any CPU
		{0C42F273-637C-4845-B15C-9134E9C8C7F0}.Release|Any CPU.Build.0 = Release|Any CPU
		{84FA3322-D6E3-42FE-9121-AE761BFEA325}.Debug|Any CPU.ActiveCfg = Debug|Any CPU
		{84FA3322-D6E3-42FE-9121-AE761BFEA325}.Debug|Any CPU.Build.0 = Debug|Any CPU
		{84FA3322-D6E3-42FE-9121-AE761BFEA325}.Release|Any CPU.ActiveCfg = Release|Any CPU
		{84FA3322-D6E3-42FE-9121-AE761BFEA325}.Release|Any CPU.Build.0 = Release|Any CPU
	EndGlobalSection
EndGlobal
